<?xml version="1.0" encoding="utf-8"?>
<Project ToolsVersion="4.0" xmlns="http://schemas.microsoft.com/developer/msbuild/2003">
  <ItemGroup>
    <ClCompile Include="..\..\Micro3Dengine\AirplaneObj.cpp">
      <Filter>Micro3Dengine</Filter>
    </ClCompile>
    <ClCompile Include="Applicaiton.cpp">
      <Filter>Game</Filter>
    </ClCompile>
    <ClCompile Include="..\..\Micro3Dengine\Camera.cpp">
      <Filter>Micro3Dengine</Filter>
    </ClCompile>
    <ClCompile Include="..\..\Micro3Dengine\Color.cpp">
      <Filter>Micro3Dengine</Filter>
    </ClCompile>
    <ClCompile Include="..\..\Micro3Dengine\Face.cpp">
      <Filter>Micro3Dengine</Filter>
    </ClCompile>
    <ClCompile Include="MeshHelper.cpp">
      <Filter>Game</Filter>
    </ClCompile>
    <ClCompile Include="..\..\Micro3Dengine\object3d.cpp">
      <Filter>Micro3Dengine</Filter>
    </ClCompile>
    <ClCompile Include="..\..\Micro3Dengine\Matrix.cpp">
      <Filter>Micro3Dengine</Filter>
    </ClCompile>
    <ClCompile Include="Micro3Dengine DevHelp.cpp">
      <Filter>Game</Filter>
    </ClCompile>
    <ClCompile Include="..\..\Micro3Dengine\Scene.cpp">
      <Filter>Micro3Dengine</Filter>
    </ClCompile>
    <ClCompile Include="..\..\Micro3Dengine\Vectors.cpp">
      <Filter>Micro3Dengine</Filter>
    </ClCompile>
    <ClCompile Include="perlin.cpp">
      <Filter>Micro3Dengine</Filter>
    </ClCompile>
    <ClCompile Include="VirtualTFT.cpp">
      <Filter>Game</Filter>
    </ClCompile>
    <ClCompile Include="Bullet.cpp">
      <Filter>Game</Filter>
    </ClCompile>
    <ClCompile Include="models.cpp">
      <Filter>Game</Filter>
    </ClCompile>
    <ClCompile Include="Airplane.cpp">
      <Filter>Game</Filter>
    </ClCompile>
    <ClCompile Include="..\..\Micro3Dengine\Renderable.cpp">
      <Filter>Micro3Dengine</Filter>
    </ClCompile>
    <ClCompile Include="TreeObj.cpp" />
  </ItemGroup>
  <ItemGroup>
    <ClInclude Include="..\..\Micro3Dengine\AirplaneObj.h">
      <Filter>Micro3Dengine</Filter>
    </ClInclude>
    <ClInclude Include="Applicaiton.h">
      <Filter>Game</Filter>
    </ClInclude>
    <ClInclude Include="..\..\Micro3Dengine\Camera.h">
      <Filter>Micro3Dengine</Filter>
    </ClInclude>
    <ClInclude Include="ArrowModell.h">
      <Filter>Game</Filter>
    </ClInclude>
    <ClInclude Include="..\..\Micro3Dengine\Color.h">
      <Filter>Micro3Dengine</Filter>
    </ClInclude>
    <ClInclude Include="..\..\Micro3Dengine\EngineConfig.h">
      <Filter>Micro3Dengine</Filter>
    </ClInclude>
    <ClInclude Include="..\..\Micro3Dengine\Face.h">
      <Filter>Micro3Dengine</Filter>
    </ClInclude>
    <ClInclude Include="ILogger.h">
      <Filter>Game</Filter>
    </ClInclude>
    <ClInclude Include="..\..\Micro3Dengine\fixpoint.h">
      <Filter>Micro3Dengine</Filter>
    </ClInclude>
    <ClInclude Include="MeshHelper.h">
      <Filter>Game</Filter>
    </ClInclude>
    <ClInclude Include="..\..\Micro3Dengine\object3d.h">
      <Filter>Micro3Dengine</Filter>
    </ClInclude>
    <ClInclude Include="..\..\Micro3Dengine\Matrix.h">
      <Filter>Micro3Dengine</Filter>
    </ClInclude>
    <ClInclude Include="models.h">
      <Filter>Game</Filter>
    </ClInclude>
    <ClInclude Include="..\..\Micro3Dengine\interfaces\MovableBase.h">
      <Filter>Micro3Dengine</Filter>
    </ClInclude>
    <ClInclude Include="..\..\Micro3Dengine\Scene.h">
      <Filter>Micro3Dengine</Filter>
    </ClInclude>
    <ClInclude Include="..\..\Micro3Dengine\Vectors.h">
      <Filter>Micro3Dengine</Filter>
    </ClInclude>
    <ClInclude Include="perlin.h">
      <Filter>Micro3Dengine</Filter>
    </ClInclude>
    <ClInclude Include="VirtualTFT.h">
      <Filter>Game</Filter>
    </ClInclude>
    <ClInclude Include="Bullet.h">
      <Filter>Game</Filter>
    </ClInclude>
    <ClInclude Include="Airplane.h">
      <Filter>Game</Filter>
    </ClInclude>
    <ClInclude Include="..\..\Micro3Dengine\Renderable.h">
      <Filter>Micro3Dengine</Filter>
    </ClInclude>
    <ClInclude Include="TreeObj.h" />
  </ItemGroup>
  <ItemGroup>
    <Filter Include="Micro3Dengine">
      <UniqueIdentifier>{a97a3c13-e305-4f11-b7ad-96f13818f325}</UniqueIdentifier>
    </Filter>
    <Filter Include="Game">
      <UniqueIdentifier>{76cd0dcb-0446-4ff9-b176-fc1a0452a5ad}</UniqueIdentifier>
    </Filter>
  </ItemGroup>
</Project>